
Microsoft Visual Studio Solution File, Format Version 12.00
# Visual Studio Version 17
VisualStudioVersion = 17.8.34511.84
MinimumVisualStudioVersion = 10.0.40219.1
Project("{FAE04EC0-301F-11D3-BF4B-00C04F79EFBC}") = "U4-W3-D4", "U4-W3-D4\U4-W3-D4.csproj", "{F1B081CD-20A5-4A9A-B004-CBE21F7CC530}"
EndProject
Global
	GlobalSection(SolutionConfigurationPlatforms) = preSolution
		Debug|Any CPU = Debug|Any CPU
		Release|Any CPU = Release|Any CPU
	EndGlobalSection
	GlobalSection(ProjectConfigurationPlatforms) = postSolution
		{F1B081CD-20A5-4A9A-B004-CBE21F7CC530}.Debug|Any CPU.ActiveCfg = Debug|Any CPU
		{F1B081CD-20A5-4A9A-B004-CBE21F7CC530}.Debug|Any CPU.Build.0 = Debug|Any CPU
		{F1B081CD-20A5-4A9A-B004-CBE21F7CC530}.Release|Any CPU.ActiveCfg = Release|Any CPU
		{F1B081CD-20A5-4A9A-B004-CBE21F7CC530}.Release|Any CPU.Build.0 = Release|Any CPU
	EndGlobalSection
	GlobalSection(SolutionProperties) = preSolution
		HideSolutionNode = FALSE
	EndGlobalSection
	GlobalSection(ExtensibilityGlobals) = postSolution
		SolutionGuid = {9CAFCCCA-EA4A-4AA3-8445-B5AB077A3D6E}
	EndGlobalSection
EndGlobal
